
Microsoft Visual Studio Solution File, Format Version 12.00
# Visual Studio Version 16
VisualStudioVersion = 16.0.30128.36
MinimumVisualStudioVersion = 10.0.40219.1
Project("{9A19103F-16F7-4668-BE54-9A1E7A4F7556}") = "ClickableTransparentOverlay", "ClickableTransparentOverlay\ClickableTransparentOverlay.csproj", "{210EB536-2C1F-48C0-BE59-6C945FC3E1F2}"
EndProject
Project("{FAE04EC0-301F-11D3-BF4B-00C04F79EFBC}") = "DriverProgram", "DriverProgram\DriverProgram.csproj", "{8F05BC9C-06E7-49F8-8417-E2E24F07726A}"
EndProject
Global
	GlobalSection(SolutionConfigurationPlatforms) = preSolution
		Debug|Any CPU = Debug|Any CPU
		Release|Any CPU = Release|Any CPU
	EndGlobalSection
	GlobalSection(ProjectConfigurationPlatforms) = postSolution
		{210EB536-2C1F-48C0-BE59-6C945FC3E1F2}.Debug|Any CPU.ActiveCfg = Debug|Any CPU
		{210EB536-2C1F-48C0-BE59-6C945FC3E1F2}.Debug|Any CPU.Build.0 = Debug|Any CPU
		{210EB536-2C1F-48C0-BE59-6C945FC3E1F2}.Release|Any CPU.ActiveCfg = Release|Any CPU
		{210EB536-2C1F-48C0-BE59-6C945FC3E1F2}.Release|Any CPU.Build.0 = Release|Any CPU
		{8F05BC9C-06E7-49F8-8417-E2E24F07726A}.Debug|Any CPU.ActiveCfg = Debug|Any CPU
		{8F05BC9C-06E7-49F8-8417-E2E24F07726A}.Debug|Any CPU.Build.0 = Debug|Any CPU
		{8F05BC9C-06E7-49F8-8417-E2E24F07726A}.Release|Any CPU.ActiveCfg = Release|Any CPU
		{8F05BC9C-06E7-49F8-8417-E2E24F07726A}.Release|Any CPU.Build.0 = Release|Any CPU
	EndGlobalSection
	GlobalSection(SolutionProperties) = preSolution
		HideSolutionNode = FALSE
	EndGlobalSection
	GlobalSection(ExtensibilityGlobals) = postSolution
		SolutionGuid = {0CA675A0-B7AC-4B41-9E79-BFD0DD4F8285}
	EndGlobalSection
EndGlobal
